PODS:
  - Alamofire (4.8.1)
  - Charts (3.3.0):
    - Charts/Core (= 3.3.0)
  - Charts/Core (3.3.0)

DEPENDENCIES:
  - Alamofire
  - Charts (~> 3.3.0)

SPEC REPOS:
  https://github.com/cocoapods/specs.git:
    - Alamofire
    - Charts

SPEC CHECKSUMS:
  Alamofire: 16ce2c353fb72865124ddae8a57c5942388f4f11
  Charts: ec1f57f9340054155691e84d4544a1d239d382c5

PODFILE CHECKSUM: 4221189a4a8e4b710bb701dbffb213b0f231d70b

COCOAPODS: 1.6.0
